
Microsoft Visual Studio Solution File, Format Version 12.00
# Visual Studio Version 17
VisualStudioVersion = 17.3.32819.101
MinimumVisualStudioVersion = 10.0.40219.1
Project("{FAE04EC0-301F-11D3-BF4B-00C04F79EFBC}") = "Cubesolver", "Cubesolver\Cubesolver.csproj", "{131C9A78-133D-4367-BF94-BD8C887A09D6}"
EndProject
Project("{2150E333-8FDC-42A3-9474-1A3956D46DE8}") = "Solution Items", "Solution Items", "{9377E808-6FF1-46A0-BEFF-9C8C51A191B5}"
	ProjectSection(SolutionItems) = preProject
		.editorconfig = .editorconfig
	EndProjectSection
EndProject
Global
	GlobalSection(SolutionConfigurationPlatforms) = preSolution
		Debug|Any CPU = Debug|Any CPU
		Release|Any CPU = Release|Any CPU
	EndGlobalSection
	GlobalSection(ProjectConfigurationPlatforms) = postSolution
		{131C9A78-133D-4367-BF94-BD8C887A09D6}.Debug|Any CPU.ActiveCfg = Debug|Any CPU
		{131C9A78-133D-4367-BF94-BD8C887A09D6}.Debug|Any CPU.Build.0 = Debug|Any CPU
		{131C9A78-133D-4367-BF94-BD8C887A09D6}.Release|Any CPU.ActiveCfg = Release|Any CPU
		{131C9A78-133D-4367-BF94-BD8C887A09D6}.Release|Any CPU.Build.0 = Release|Any CPU
	EndGlobalSection
	GlobalSection(SolutionProperties) = preSolution
		HideSolutionNode = FALSE
	EndGlobalSection
	GlobalSection(ExtensibilityGlobals) = postSolution
		SolutionGuid = {4F5A3757-3CB4-441E-B9FE-05F8C9A4388E}
	EndGlobalSection
EndGlobal
